
Microsoft Visual Studio Solution File, Format Version 12.00
# Visual Studio Version 16
VisualStudioVersion = 16.0.29728.190
MinimumVisualStudioVersion = 10.0.40219.1
Project("{FAE04EC0-301F-11D3-BF4B-00C04F79EFBC}") = "Epinova.FizzBuzz.Assignment.Common", "Epinova.FizzBuzz.Assignment.Common\Epinova.FizzBuzz.Assignment.Common.csproj", "{0DAF88D8-2009-4775-878C-2DA4FC75F2F2}"
EndProject
Project("{FAE04EC0-301F-11D3-BF4B-00C04F79EFBC}") = "Epinova.FizzBuzz.Assignment.One", "Epinova.FizzBuzz.Assignment.One\Epinova.FizzBuzz.Assignment.One.csproj", "{2E6DBA15-0E7B-47EE-B51E-8E75CC971164}"
EndProject
Project("{FAE04EC0-301F-11D3-BF4B-00C04F79EFBC}") = "Epinova.FizzBuzz.Assignment.Two.Client", "Epinova.FizzBuzz.Assignment.Two.Client\Epinova.FizzBuzz.Assignment.Two.Client.csproj", "{47ECB41A-6249-4BB6-A78E-0076850596A7}"
EndProject
Project("{FAE04EC0-301F-11D3-BF4B-00C04F79EFBC}") = "Epinova.FizzBuzz.Assignment.Two.Service", "Epinova.FizzBuzz.Assignment.Two.Service\Epinova.FizzBuzz.Assignment.Two.Service.csproj", "{331FCB64-4731-4EE2-9023-FCF785549711}"
EndProject
Project("{FAE04EC0-301F-11D3-BF4B-00C04F79EFBC}") = "Epinova.FizzBuzz.Assignment.Two.Service.Tests", "Epinova.FizzBuzz.Assignment.Two.Service.Tests\Epinova.FizzBuzz.Assignment.Two.Service.Tests.csproj", "{3E0AFB59-6D01-438F-969D-20C0D54F8621}"
EndProject
Global
	GlobalSection(SolutionConfigurationPlatforms) = preSolution
		Debug|Any CPU = Debug|Any CPU
		Release|Any CPU = Release|Any CPU
	EndGlobalSection
	GlobalSection(ProjectConfigurationPlatforms) = postSolution
		{0DAF88D8-2009-4775-878C-2DA4FC75F2F2}.Debug|Any CPU.ActiveCfg = Debug|Any CPU
		{0DAF88D8-2009-4775-878C-2DA4FC75F2F2}.Debug|Any CPU.Build.0 = Debug|Any CPU
		{0DAF88D8-2009-4775-878C-2DA4FC75F2F2}.Release|Any CPU.ActiveCfg = Release|Any CPU
		{0DAF88D8-2009-4775-878C-2DA4FC75F2F2}.Release|Any CPU.Build.0 = Release|Any CPU
		{2E6DBA15-0E7B-47EE-B51E-8E75CC971164}.Debug|Any CPU.ActiveCfg = Debug|Any CPU
		{2E6DBA15-0E7B-47EE-B51E-8E75CC971164}.Debug|Any CPU.Build.0 = Debug|Any CPU
		{2E6DBA15-0E7B-47EE-B51E-8E75CC971164}.Release|Any CPU.ActiveCfg = Release|Any CPU
		{2E6DBA15-0E7B-47EE-B51E-8E75CC971164}.Release|Any CPU.Build.0 = Release|Any CPU
		{47ECB41A-6249-4BB6-A78E-0076850596A7}.Debug|Any CPU.ActiveCfg = Debug|Any CPU
		{47ECB41A-6249-4BB6-A78E-0076850596A7}.Debug|Any CPU.Build.0 = Debug|Any CPU
		{47ECB41A-6249-4BB6-A78E-0076850596A7}.Release|Any CPU.ActiveCfg = Release|Any CPU
		{47ECB41A-6249-4BB6-A78E-0076850596A7}.Release|Any CPU.Build.0 = Release|Any CPU
		{331FCB64-4731-4EE2-9023-FCF785549711}.Debug|Any CPU.ActiveCfg = Debug|Any CPU
		{331FCB64-4731-4EE2-9023-FCF785549711}.Debug|Any CPU.Build.0 = Debug|Any CPU
		{331FCB64-4731-4EE2-9023-FCF785549711}.Release|Any CPU.ActiveCfg = Release|Any CPU
		{331FCB64-4731-4EE2-9023-FCF785549711}.Release|Any CPU.Build.0 = Release|Any CPU
		{3E0AFB59-6D01-438F-969D-20C0D54F8621}.Debug|Any CPU.ActiveCfg = Debug|Any CPU
		{3E0AFB59-6D01-438F-969D-20C0D54F8621}.Debug|Any CPU.Build.0 = Debug|Any CPU
		{3E0AFB59-6D01-438F-969D-20C0D54F8621}.Release|Any CPU.ActiveCfg = Release|Any CPU
		{3E0AFB59-6D01-438F-969D-20C0D54F8621}.Release|Any CPU.Build.0 = Release|Any CPU
	EndGlobalSection
	GlobalSection(SolutionProperties) = preSolution
		HideSolutionNode = FALSE
	EndGlobalSection
	GlobalSection(ExtensibilityGlobals) = postSolution
		SolutionGuid = {BF335349-C4F3-4EDE-B40D-3E9852D90AF7}
	EndGlobalSection
EndGlobal
